
Microsoft Visual Studio Solution File, Format Version 12.00
# Visual Studio Version 17
VisualStudioVersion = 17.8.34322.80
MinimumVisualStudioVersion = 10.0.40219.1
Project("{9A19103F-16F7-4668-BE54-9A1E7A4F7556}") = "Apps.NotionOAuth", "Apps.NotionOAuth\Apps.NotionOAuth.csproj", "{81763F61-CC04-47F2-978C-A0BA0B4B10DA}"
EndProject
Project("{2150E333-8FDC-42A3-9474-1A3956D46DE8}") = "Solution folder", "Solution folder", "{43432235-2709-4DBD-9DF9-0FA8B98D4A83}"
	ProjectSection(SolutionItems) = preProject
		README.md = README.md
		.gitignore = .gitignore
	EndProjectSection
EndProject
Project("{FAE04EC0-301F-11D3-BF4B-00C04F79EFBC}") = "Tests.Notion", "Tests.Notion\Tests.Notion.csproj", "{6E33765C-642F-48F9-8173-C51BF8E76CB5}"
EndProject
Global
	GlobalSection(SolutionConfigurationPlatforms) = preSolution
		Debug|Any CPU = Debug|Any CPU
		Release|Any CPU = Release|Any CPU
	EndGlobalSection
	GlobalSection(ProjectConfigurationPlatforms) = postSolution
		{81763F61-CC04-47F2-978C-A0BA0B4B10DA}.Debug|Any CPU.ActiveCfg = Debug|Any CPU
		{81763F61-CC04-47F2-978C-A0BA0B4B10DA}.Debug|Any CPU.Build.0 = Debug|Any CPU
		{81763F61-CC04-47F2-978C-A0BA0B4B10DA}.Release|Any CPU.ActiveCfg = Release|Any CPU
		{81763F61-CC04-47F2-978C-A0BA0B4B10DA}.Release|Any CPU.Build.0 = Release|Any CPU
		{6E33765C-642F-48F9-8173-C51BF8E76CB5}.Debug|Any CPU.ActiveCfg = Debug|Any CPU
		{6E33765C-642F-48F9-8173-C51BF8E76CB5}.Debug|Any CPU.Build.0 = Debug|Any CPU
		{6E33765C-642F-48F9-8173-C51BF8E76CB5}.Release|Any CPU.ActiveCfg = Release|Any CPU
		{6E33765C-642F-48F9-8173-C51BF8E76CB5}.Release|Any CPU.Build.0 = Release|Any CPU
	EndGlobalSection
	GlobalSection(SolutionProperties) = preSolution
		HideSolutionNode = FALSE
	EndGlobalSection
	GlobalSection(ExtensibilityGlobals) = postSolution
		SolutionGuid = {FB6D4BF3-1A1A-4473-81B9-EA5A3455B92D}
	EndGlobalSection
EndGlobal
